// !$*UTF8*$!
{
	archiveVersion = 1;
	classes = {
	};
	objectVersion = 77;
	objects = {

/* Begin PBXContainerItemProxy section */
		5B1A0C0011E24A7F9D3A0019 /* PBXContainerItemProxy */ = {
			isa = PBXContainerItemProxy;
			containerPortal = 5B1A0C0011E24A7F9D3A0008 /* Project object */;
			proxyType = 1;
			remoteGlobalIDString = 5B1A0C0011E24A7F9D3A0007;
			remoteInfo = R02Ring;
		};
/* End PBXContainerItemProxy section */

/* Begin PBXFileReference section */
		5B1A0C0011E24A7F9D3A0009 /* R02Ring.app */ = {isa = PBXFileReference; explicitFileType = wrapper.application; includeInIndex = 0; path = R02Ring.app; sourceTree = BUILT_PRODUCTS_DIR; };
		5B1A0C0011E24A7F9D3A0012 /* R02RingTests.xctest */ = {isa = PBXFileReference; explicitFileType = wrapper.cfbundle; includeInIndex = 0; path = R02RingTests.xctest; sourceTree = BUILT_PRODUCTS_DIR; };
/* End PBXFileReference section */

/* Begin PBXFileSystemSynchronizedBuildFileExceptionSet section */
		5B1A0C0011E24A7F9D3A001B /* Exceptions for "R02Ring" folder in "R02Ring" target */ = {
			isa = PBXFileSystemSynchronizedBuildFileExceptionSet;
			membershipExceptions = (
				Info.plist,
			);
			target = 5B1A0C0011E24A7F9D3A0007 /* R02Ring */;
		};
/* End PBXFileSystemSynchronizedBuildFileExceptionSet section */

/* Begin PBXFileSystemSynchronizedRootGroup section */
		5B1A0C0011E24A7F9D3A0001 /* R02Ring */ = {
			isa = PBXFileSystemSynchronizedRootGroup;
			exceptions = (
				5B1A0C0011E24A7F9D3A001B /* Exceptions for "R02Ring" folder in "R02Ring" target */,
			);
			path = R02Ring;
			sourceTree = "<group>";
		};
		5B1A0C0011E24A7F9D3A0010 /* R02RingTests */ = {
			isa = PBXFileSystemSynchronizedRootGroup;
			path = R02RingTests;
			sourceTree = "<group>";
		};
/* End PBXFileSystemSynchronizedRootGroup section */

/* Begin PBXFrameworksBuildPhase section */
		5B1A0C0011E24A7F9D3A0003 /* Frameworks */ = {
			isa = PBXFrameworksBuildPhase;
			buildActionMask = 2147483647;
			files = (
			);
			runOnlyForDeploymentPostprocessing = 0;
		};
		5B1A0C0011E24A7F9D3A0014 /* Frameworks */ = {
			isa = PBXFrameworksBuildPhase;
			buildActionMask = 2147483647;
			files = (
			);
			runOnlyForDeploymentPostprocessing = 0;
		};
/* End PBXFrameworksBuildPhase section */

/* Begin PBXGroup section */
		5B1A0C0011E24A7F9D3A0005 = {
			isa = PBXGroup;
			children = (
				5B1A0C0011E24A7F9D3A0001 /* R02Ring */,
				5B1A0C0011E24A7F9D3A0010 /* R02RingTests */,
				5B1A0C0011E24A7F9D3A0006 /* Products */,
			);
			sourceTree = "<group>";
		};
		5B1A0C0011E24A7F9D3A0006 /* Products */ = {
			isa = PBXGroup;
			children = (
				5B1A0C0011E24A7F9D3A0009 /* R02Ring.app */,
				5B1A0C0011E24A7F9D3A0012 /* R02RingTests.xctest */,
			);
			name = Products;
			sourceTree = "<group>";
		};
/* End PBXGroup section */

/* Begin PBXNativeTarget section */
		5B1A0C0011E24A7F9D3A0007 /* R02Ring */ = {
			isa = PBXNativeTarget;
			buildConfigurationList = 5B1A0C0011E24A7F9D3A000B /* Build configuration list for PBXNativeTarget "R02Ring" */;
			buildPhases = (
				5B1A0C0011E24A7F9D3A0002 /* Sources */,
				5B1A0C0011E24A7F9D3A0003 /* Frameworks */,
				5B1A0C0011E24A7F9D3A0004 /* Resources */,
			);
			buildRules = (
			);
			dependencies = (
			);
			fileSystemSynchronizedGroups = (
				5B1A0C0011E24A7F9D3A0001 /* R02Ring */,
			);
			name = R02Ring;
			productName = R02Ring;
			productReference = 5B1A0C0011E24A7F9D3A0009 /* R02Ring.app */;
			productType = "com.apple.product-type.application";
		};
		5B1A0C0011E24A7F9D3A0011 /* R02RingTests */ = {
			isa = PBXNativeTarget;
			buildConfigurationList = 5B1A0C0011E24A7F9D3A0016 /* Build configuration list for PBXNativeTarget "R02RingTests" */;
			buildPhases = (
				5B1A0C0011E24A7F9D3A0013 /* Sources */,
				5B1A0C0011E24A7F9D3A0014 /* Frameworks */,
				5B1A0C0011E24A7F9D3A0015 /* Resources */,
			);
			buildRules = (
			);
			dependencies = (
				5B1A0C0011E24A7F9D3A001A /* PBXTargetDependency */,
			);
			fileSystemSynchronizedGroups = (
				5B1A0C0011E24A7F9D3A0010 /* R02RingTests */,
			);
			name = R02RingTests;
			productName = R02RingTests;
			productReference = 5B1A0C0011E24A7F9D3A0012 /* R02RingTests.xctest */;
			productType = "com.apple.product-type.bundle.unit-test";
		};
/* End PBXNativeTarget section */

/* Begin PBXProject section */
		5B1A0C0011E24A7F9D3A0008 /* Project object */ = {
			isa = PBXProject;
			attributes = {
				BuildIndependentTargetsInParallel = 1;
				LastSwiftUpdateCheck = 1600;
				LastUpgradeCheck = 1600;
				TargetAttributes = {
					5B1A0C0011E24A7F9D3A0007 = {
						CreatedOnToolsVersion = 16.0;
					};
				};
			};
			buildConfigurationList = 5B1A0C0011E24A7F9D3A000A /* Build configuration list for PBXProject "R02Ring" */;
			developmentRegion = en;
			hasScannedForEncodings = 0;
			knownRegions = (
				en,
				Base,
			);
			mainGroup = 5B1A0C0011E24A7F9D3A0005;
			minimizedProjectReferenceProxies = 1;
			preferredProjectObjectVersion = 77;
			productRefGroup = 5B1A0C0011E24A7F9D3A0006 /* Products */;
			projectDirPath = "";
			projectRoot = "";
			targets = (
				5B1A0C0011E24A7F9D3A0007 /* R02Ring */,
				5B1A0C0011E24A7F9D3A0011 /* R02RingTests */,
			);
		};
/* End PBXProject section */

/* Begin PBXResourcesBuildPhase section */
		5B1A0C0011E24A7F9D3A0004 /* Resources */ = {
			isa = PBXResourcesBuildPhase;
			buildActionMask = 2147483647;
			files = (
			);
			runOnlyForDeploymentPostprocessing = 0;
		};
		5B1A0C0011E24A7F9D3A0015 /* Resources */ = {
			isa = PBXResourcesBuildPhase;
			buildActionMask = 2147483647;
			files = (
			);
			runOnlyForDeploymentPostprocessing = 0;
		};
/* End PBXResourcesBuildPhase section */

/* Begin PBXSourcesBuildPhase section */
		5B1A0C0011E24A7F9D3A0002 /* Sources */ = {
			isa = PBXSourcesBuildPhase;
			buildActionMask = 2147483647;
			files = (
			);
			runOnlyForDeploymentPostprocessing = 0;
		};
		5B1A0C0011E24A7F9D3A0013 /* Sources */ = {
			isa = PBXSourcesBuildPhase;
			buildActionMask = 2147483647;
			files = (
			);
			runOnlyForDeploymentPostprocessing = 0;
		};
/* End PBXSourcesBuildPhase section */

/* Begin PBXTargetDependency section */
		5B1A0C0011E24A7F9D3A001A /* PBXTargetDependency */ = {
			isa = PBXTargetDependency;
			target = 5B1A0C0011E24A7F9D3A0007 /* R02Ring */;
			targetProxy = 5B1A0C0011E24A7F9D3A0019 /* PBXContainerItemProxy */;
		};
/* End PBXTargetDependency section */

/* Begin XCBuildConfiguration section */
		5B1A0C0011E24A7F9D3A000C /* Debug */ = {
			isa = XCBuildConfiguration;
			buildSettings = {
				CLANG_ENABLE_OBJC_WEAK = YES;
				COPY_PHASE_STRIP = NO;
				DEBUG_INFORMATION_FORMAT = dwarf;
				ENABLE_STRICT_OBJC_MSGSEND = YES;
				ENABLE_TESTABILITY = YES;
				ENABLE_USER_SCRIPT_SANDBOXING = YES;
				GCC_NO_COMMON_BLOCKS = YES;
				GCC_OPTIMIZATION_LEVEL = 0;
				IPHONEOS_DEPLOYMENT_TARGET = 17.0;
				ONLY_ACTIVE_ARCH = YES;
				SDKROOT = iphoneos;
				SWIFT_ACTIVE_COMPILATION_CONDITIONS = "DEBUG $(inherited)";
				SWIFT_OPTIMIZATION_LEVEL = "-Onone";
			};
			name = Debug;
		};
		5B1A0C0011E24A7F9D3A000D /* Release */ = {
			isa = XCBuildConfiguration;
			buildSettings = {
				CLANG_ENABLE_OBJC_WEAK = YES;
				COPY_PHASE_STRIP = NO;
				DEBUG_INFORMATION_FORMAT = "dwarf-with-dsym";
				ENABLE_NS_ASSERTIONS = NO;
				ENABLE_STRICT_OBJC_MSGSEND = YES;
				ENABLE_USER_SCRIPT_SANDBOXING = YES;
				GCC_NO_COMMON_BLOCKS = YES;
				IPHONEOS_DEPLOYMENT_TARGET = 17.0;
				SDKROOT = iphoneos;
				SWIFT_COMPILATION_MODE = wholemodule;
				VALIDATE_PRODUCT = YES;
			};
			name = Release;
		};
		5B1A0C0011E24A7F9D3A000E /* Debug */ = {
			isa = XCBuildConfiguration;
			buildSettings = {
				ASSETCATALOG_COMPILER_APPICON_NAME = AppIcon;
				ASSETCATALOG_COMPILER_GLOBAL_ACCENT_COLOR_NAME = AccentColor;
				CODE_SIGN_STYLE = Automatic;
				CURRENT_PROJECT_VERSION = 1149;
				DEVELOPMENT_TEAM = S2G3L3Z3YC;
				ENABLE_PREVIEWS = YES;
				GENERATE_INFOPLIST_FILE = NO;
				INFOPLIST_FILE = R02Ring/Info.plist;
				INFOPLIST_KEY_UIApplicationSceneManifest_Generation = YES;
				INFOPLIST_KEY_UILaunchScreen_Generation = YES;
				INFOPLIST_KEY_UIStatusBarStyle = UIStatusBarStyleLightContent;
				INFOPLIST_KEY_UISupportedInterfaceOrientations = UIInterfaceOrientationPortrait;
				INFOPLIST_KEY_UIUserInterfaceStyle = Dark;
				MARKETING_VERSION = 2.8.0;
				PRODUCT_BUNDLE_IDENTIFIER = com.abhayanand.R02Ring;
				PRODUCT_NAME = "$(TARGET_NAME)";
				SWIFT_EMIT_LOC_STRINGS = YES;
				SWIFT_VERSION = 5.0;
				TARGETED_DEVICE_FAMILY = 1;
			};
			name = Debug;
		};
		5B1A0C0011E24A7F9D3A000F /* Release */ = {
			isa = XCBuildConfiguration;
			buildSettings = {
				ASSETCATALOG_COMPILER_APPICON_NAME = AppIcon;
				ASSETCATALOG_COMPILER_GLOBAL_ACCENT_COLOR_NAME = AccentColor;
				CODE_SIGN_STYLE = Automatic;
				CURRENT_PROJECT_VERSION = 1149;
				DEVELOPMENT_TEAM = S2G3L3Z3YC;
				ENABLE_PREVIEWS = YES;
				GENERATE_INFOPLIST_FILE = NO;
				INFOPLIST_FILE = R02Ring/Info.plist;
				INFOPLIST_KEY_UIApplicationSceneManifest_Generation = YES;
				INFOPLIST_KEY_UILaunchScreen_Generation = YES;
				INFOPLIST_KEY_UIStatusBarStyle = UIStatusBarStyleLightContent;
				INFOPLIST_KEY_UISupportedInterfaceOrientations = UIInterfaceOrientationPortrait;
				INFOPLIST_KEY_UIUserInterfaceStyle = Dark;
				MARKETING_VERSION = 2.8.0;
				PRODUCT_BUNDLE_IDENTIFIER = com.abhayanand.R02Ring;
				PRODUCT_NAME = "$(TARGET_NAME)";
				SWIFT_EMIT_LOC_STRINGS = YES;
				SWIFT_VERSION = 5.0;
				TARGETED_DEVICE_FAMILY = 1;
			};
			name = Release;
		};
		5B1A0C0011E24A7F9D3A0017 /* Debug */ = {
			isa = XCBuildConfiguration;
			buildSettings = {
				BUNDLE_LOADER = "$(TEST_HOST)";
				CODE_SIGN_STYLE = Automatic;
				DEVELOPMENT_TEAM = S2G3L3Z3YC;
				GENERATE_INFOPLIST_FILE = YES;
				IPHONEOS_DEPLOYMENT_TARGET = 17.0;
				PRODUCT_BUNDLE_IDENTIFIER = com.abhayanand.R02RingTests;
				PRODUCT_NAME = "$(TARGET_NAME)";
				SWIFT_VERSION = 5.0;
				TARGETED_DEVICE_FAMILY = 1;
				TEST_HOST = "$(BUILT_PRODUCTS_DIR)/R02Ring.app/$(BUNDLE_EXECUTABLE_FOLDER_PATH)/R02Ring";
			};
			name = Debug;
		};
		5B1A0C0011E24A7F9D3A0018 /* Release */ = {
			isa = XCBuildConfiguration;
			buildSettings = {
				BUNDLE_LOADER = "$(TEST_HOST)";
				CODE_SIGN_STYLE = Automatic;
				DEVELOPMENT_TEAM = S2G3L3Z3YC;
				GENERATE_INFOPLIST_FILE = YES;
				IPHONEOS_DEPLOYMENT_TARGET = 17.0;
				PRODUCT_BUNDLE_IDENTIFIER = com.abhayanand.R02RingTests;
				PRODUCT_NAME = "$(TARGET_NAME)";
				SWIFT_VERSION = 5.0;
				TARGETED_DEVICE_FAMILY = 1;
				TEST_HOST = "$(BUILT_PRODUCTS_DIR)/R02Ring.app/$(BUNDLE_EXECUTABLE_FOLDER_PATH)/R02Ring";
			};
			name = Release;
		};
/* End XCBuildConfiguration section */

/* Begin XCConfigurationList section */
		5B1A0C0011E24A7F9D3A000A /* Build configuration list for PBXProject "R02Ring" */ = {
			isa = XCConfigurationList;
			buildConfigurations = (
				5B1A0C0011E24A7F9D3A000C /* Debug */,
				5B1A0C0011E24A7F9D3A000D /* Release */,
			);
			defaultConfigurationIsVisible = 0;
			defaultConfigurationName = Release;
		};
		5B1A0C0011E24A7F9D3A000B /* Build configuration list for PBXNativeTarget "R02Ring" */ = {
			isa = XCConfigurationList;
			buildConfigurations = (
				5B1A0C0011E24A7F9D3A000E /* Debug */,
				5B1A0C0011E24A7F9D3A000F /* Release */,
			);
			defaultConfigurationIsVisible = 0;
			defaultConfigurationName = Release;
		};
		5B1A0C0011E24A7F9D3A0016 /* Build configuration list for PBXNativeTarget "R02RingTests" */ = {
			isa = XCConfigurationList;
			buildConfigurations = (
				5B1A0C0011E24A7F9D3A0017 /* Debug */,
				5B1A0C0011E24A7F9D3A0018 /* Release */,
			);
			defaultConfigurationIsVisible = 0;
			defaultConfigurationName = Release;
		};
/* End XCConfigurationList section */
	};
	rootObject = 5B1A0C0011E24A7F9D3A0008 /* Project object */;
}
